
Microsoft Visual Studio Solution File, Format Version 12.00
# Visual Studio 2013
VisualStudioVersion = 12.0.40629.0
MinimumVisualStudioVersion = 10.0.40219.1
Project("{FAE04EC0-301F-11D3-BF4B-00C04F79EFBC}") = "CCInterestUnitTest", "CCInterestUnitTest\CCInterestUnitTest.csproj", "{DBCAB554-E230-4EDE-BF34-9617C4213475}"
EndProject
Project("{FAE04EC0-301F-11D3-BF4B-00C04F79EFBC}") = "CreditCardCalculator", "CreditCardCalculator\CreditCardCalculator.csproj", "{066BE921-CC1D-4234-AC85-0E44466567E1}"
EndProject
Global
	GlobalSection(SolutionConfigurationPlatforms) = preSolution
		Debug|Any CPU = Debug|Any CPU
		Release|Any CPU = Release|Any CPU
	EndGlobalSection
	GlobalSection(ProjectConfigurationPlatforms) = postSolution
		{DBCAB554-E230-4EDE-BF34-9617C4213475}.Debug|Any CPU.ActiveCfg = Debug|Any CPU
		{DBCAB554-E230-4EDE-BF34-9617C4213475}.Debug|Any CPU.Build.0 = Debug|Any CPU
		{DBCAB554-E230-4EDE-BF34-9617C4213475}.Release|Any CPU.ActiveCfg = Release|Any CPU
		{DBCAB554-E230-4EDE-BF34-9617C4213475}.Release|Any CPU.Build.0 = Release|Any CPU
		{066BE921-CC1D-4234-AC85-0E44466567E1}.Debug|Any CPU.ActiveCfg = Debug|Any CPU
		{066BE921-CC1D-4234-AC85-0E44466567E1}.Debug|Any CPU.Build.0 = Debug|Any CPU
		{066BE921-CC1D-4234-AC85-0E44466567E1}.Release|Any CPU.ActiveCfg = Release|Any CPU
		{066BE921-CC1D-4234-AC85-0E44466567E1}.Release|Any CPU.Build.0 = Release|Any CPU
	EndGlobalSection
	GlobalSection(SolutionProperties) = preSolution
		HideSolutionNode = FALSE
	EndGlobalSection
EndGlobal
